
Microsoft Visual Studio Solution File, Format Version 12.00
# Visual Studio Version 16
VisualStudioVersion = 16.0.31025.194
MinimumVisualStudioVersion = 10.0.40219.1
Project("{FAE04EC0-301F-11D3-BF4B-00C04F79EFBC}") = "ClientMakao", "ClientMakao\ClientMakao.csproj", "{81AE5FEF-18EB-4F81-B040-1DF560949E12}"
EndProject
Global
	GlobalSection(SolutionConfigurationPlatforms) = preSolution
		Debug|Any CPU = Debug|Any CPU
		Release|Any CPU = Release|Any CPU
	EndGlobalSection
	GlobalSection(ProjectConfigurationPlatforms) = postSolution
		{81AE5FEF-18EB-4F81-B040-1DF560949E12}.Debug|Any CPU.ActiveCfg = Debug|Any CPU
		{81AE5FEF-18EB-4F81-B040-1DF560949E12}.Debug|Any CPU.Build.0 = Debug|Any CPU
		{81AE5FEF-18EB-4F81-B040-1DF560949E12}.Release|Any CPU.ActiveCfg = Release|Any CPU
		{81AE5FEF-18EB-4F81-B040-1DF560949E12}.Release|Any CPU.Build.0 = Release|Any CPU
	EndGlobalSection
	GlobalSection(SolutionProperties) = preSolution
		HideSolutionNode = FALSE
	EndGlobalSection
	GlobalSection(ExtensibilityGlobals) = postSolution
		SolutionGuid = {B37CC67F-67EB-41FE-A9F2-BFEA7FFEB885}
	EndGlobalSection
EndGlobal
